
Microsoft Visual Studio Solution File, Format Version 12.00
# Visual Studio 15
VisualStudioVersion = 15.0.28010.2036
MinimumVisualStudioVersion = 10.0.40219.1
Project("{9A19103F-16F7-4668-BE54-9A1E7A4F7556}") = "CommunIT.Entities", "CommunIT.Entities\CommunIT.Entities.csproj", "{E3660B0A-55CE-4129-AAA2-7FDDEDA8BEDD}"
EndProject
Project("{9A19103F-16F7-4668-BE54-9A1E7A4F7556}") = "CommunIT.API", "CommunIT.API\CommunIT.API.csproj", "{17FB10FD-6B69-4BC3-A3A2-1A669F04FD20}"
EndProject
Project("{9A19103F-16F7-4668-BE54-9A1E7A4F7556}") = "CommunIT.API.Tests", "CommunIT.API.Tests\CommunIT.API.Tests.csproj", "{0780FE8F-C04F-46AA-8B9C-611D7B7490F1}"
EndProject
Project("{9A19103F-16F7-4668-BE54-9A1E7A4F7556}") = "CommunIT.Models.Tests", "CommunIT.Models.Tests\CommunIT.Models.Tests.csproj", "{A864151F-848A-437C-B473-CE70BD1DA80F}"
EndProject
Project("{9A19103F-16F7-4668-BE54-9A1E7A4F7556}") = "CommunIT.Models", "CommunIT.Models\CommunIT.Models.csproj", "{3DCF0A59-353A-4677-9A5D-1839B060E8B6}"
EndProject
Project("{FAE04EC0-301F-11D3-BF4B-00C04F79EFBC}") = "CommunIT.App", "CommunIT.App\CommunIT.App.csproj", "{A441268B-657B-4D55-9C86-13061BD36DA3}"
EndProject
Project("{9A19103F-16F7-4668-BE54-9A1E7A4F7556}") = "CommunIT.Shared.Portable.Tests", "CommunIT.Shared.Tests\CommunIT.Shared.Portable.Tests.csproj", "{EDF2521C-6AEB-460A-A030-11E2F28CA65E}"
EndProject
Project("{9A19103F-16F7-4668-BE54-9A1E7A4F7556}") = "CommunIT.Shared.Portable", "CommunIT.Shared.Portable\CommunIT.Shared.Portable.csproj", "{36B65104-A901-4878-AAD1-97FAEEB7EBFB}"
EndProject
Global
	GlobalSection(SolutionConfigurationPlatforms) = preSolution
		Debug|Any CPU = Debug|Any CPU
		Debug|ARM = Debug|ARM
		Debug|ARM64 = Debug|ARM64
		Debug|x64 = Debug|x64
		Debug|x86 = Debug|x86
		Release|Any CPU = Release|Any CPU
		Release|ARM = Release|ARM
		Release|ARM64 = Release|ARM64
		Release|x64 = Release|x64
		Release|x86 = Release|x86
	EndGlobalSection
	GlobalSection(ProjectConfigurationPlatforms) = postSolution
		{E3660B0A-55CE-4129-AAA2-7FDDEDA8BEDD}.Debug|Any CPU.ActiveCfg = Debug|Any CPU
		{E3660B0A-55CE-4129-AAA2-7FDDEDA8BEDD}.Debug|Any CPU.Build.0 = Debug|Any CPU
		{E3660B0A-55CE-4129-AAA2-7FDDEDA8BEDD}.Debug|ARM.ActiveCfg = Debug|Any CPU
		{E3660B0A-55CE-4129-AAA2-7FDDEDA8BEDD}.Debug|ARM.Build.0 = Debug|Any CPU
		{E3660B0A-55CE-4129-AAA2-7FDDEDA8BEDD}.Debug|ARM64.ActiveCfg = Debug|Any CPU
		{E3660B0A-55CE-4129-AAA2-7FDDEDA8BEDD}.Debug|ARM64.Build.0 = Debug|Any CPU
		{E3660B0A-55CE-4129-AAA2-7FDDEDA8BEDD}.Debug|x64.ActiveCfg = Debug|Any CPU
		{E3660B0A-55CE-4129-AAA2-7FDDEDA8BEDD}.Debug|x64.Build.0 = Debug|Any CPU
		{E3660B0A-55CE-4129-AAA2-7FDDEDA8BEDD}.Debug|x86.ActiveCfg = Debug|Any CPU
		{E3660B0A-55CE-4129-AAA2-7FDDEDA8BEDD}.Debug|x86.Build.0 = Debug|Any CPU
		{E3660B0A-55CE-4129-AAA2-7FDDEDA8BEDD}.Release|Any CPU.ActiveCfg = Release|Any CPU
		{E3660B0A-55CE-4129-AAA2-7FDDEDA8BEDD}.Release|Any CPU.Build.0 = Release|Any CPU
		{E3660B0A-55CE-4129-AAA2-7FDDEDA8BEDD}.Release|ARM.ActiveCfg = Release|Any CPU
		{E3660B0A-55CE-4129-AAA2-7FDDEDA8BEDD}.Release|ARM.Build.0 = Release|Any CPU
		{E3660B0A-55CE-4129-AAA2-7FDDEDA8BEDD}.Release|ARM64.ActiveCfg = Release|Any CPU
		{E3660B0A-55CE-4129-AAA2-7FDDEDA8BEDD}.Release|ARM64.Build.0 = Release|Any CPU
		{E3660B0A-55CE-4129-AAA2-7FDDEDA8BEDD}.Release|x64.ActiveCfg = Release|Any CPU
		{E3660B0A-55CE-4129-AAA2-7FDDEDA8BEDD}.Release|x64.Build.0 = Release|Any CPU
		{E3660B0A-55CE-4129-AAA2-7FDDEDA8BEDD}.Release|x86.ActiveCfg = Release|Any CPU
		{E3660B0A-55CE-4129-AAA2-7FDDEDA8BEDD}.Release|x86.Build.0 = Release|Any CPU
		{17FB10FD-6B69-4BC3-A3A2-1A669F04FD20}.Debug|Any CPU.ActiveCfg = Debug|Any CPU
		{17FB10FD-6B69-4BC3-A3A2-1A669F04FD20}.Debug|Any CPU.Build.0 = Debug|Any CPU
		{17FB10FD-6B69-4BC3-A3A2-1A669F04FD20}.Debug|ARM.ActiveCfg = Debug|Any CPU
		{17FB10FD-6B69-4BC3-A3A2-1A669F04FD20}.Debug|ARM.Build.0 = Debug|Any CPU
		{17FB10FD-6B69-4BC3-A3A2-1A669F04FD20}.Debug|ARM64.ActiveCfg = Debug|Any CPU
		{17FB10FD-6B69-4BC3-A3A2-1A669F04FD20}.Debug|ARM64.Build.0 = Debug|Any CPU
		{17FB10FD-6B69-4BC3-A3A2-1A669F04FD20}.Debug|x64.ActiveCfg = Debug|Any CPU
		{17FB10FD-6B69-4BC3-A3A2-1A669F04FD20}.Debug|x64.Build.0 = Debug|Any CPU
		{17FB10FD-6B69-4BC3-A3A2-1A669F04FD20}.Debug|x86.ActiveCfg = Debug|Any CPU
		{17FB10FD-6B69-4BC3-A3A2-1A669F04FD20}.Debug|x86.Build.0 = Debug|Any CPU
		{17FB10FD-6B69-4BC3-A3A2-1A669F04FD20}.Release|Any CPU.ActiveCfg = Release|Any CPU
		{17FB10FD-6B69-4BC3-A3A2-1A669F04FD20}.Release|Any CPU.Build.0 = Release|Any CPU
		{17FB10FD-6B69-4BC3-A3A2-1A669F04FD20}.Release|ARM.ActiveCfg = Release|Any CPU
		{17FB10FD-6B69-4BC3-A3A2-1A669F04FD20}.Release|ARM.Build.0 = Release|Any CPU
		{17FB10FD-6B69-4BC3-A3A2-1A669F04FD20}.Release|ARM64.ActiveCfg = Release|Any CPU
		{17FB10FD-6B69-4BC3-A3A2-1A669F04FD20}.Release|ARM64.Build.0 = Release|Any CPU
		{17FB10FD-6B69-4BC3-A3A2-1A669F04FD20}.Release|x64.ActiveCfg = Release|Any CPU
		{17FB10FD-6B69-4BC3-A3A2-1A669F04FD20}.Release|x64.Build.0 = Release|Any CPU
		{17FB10FD-6B69-4BC3-A3A2-1A669F04FD20}.Release|x86.ActiveCfg = Release|Any CPU
		{17FB10FD-6B69-4BC3-A3A2-1A669F04FD20}.Release|x86.Build.0 = Release|Any CPU
		{0780FE8F-C04F-46AA-8B9C-611D7B7490F1}.Debug|Any CPU.ActiveCfg = Debug|Any CPU
		{0780FE8F-C04F-46AA-8B9C-611D7B7490F1}.Debug|Any CPU.Build.0 = Debug|Any CPU
		{0780FE8F-C04F-46AA-8B9C-611D7B7490F1}.Debug|ARM.ActiveCfg = Debug|Any CPU
		{0780FE8F-C04F-46AA-8B9C-611D7B7490F1}.Debug|ARM.Build.0 = Debug|Any CPU
		{0780FE8F-C04F-46AA-8B9C-611D7B7490F1}.Debug|ARM64.ActiveCfg = Debug|Any CPU
		{0780FE8F-C04F-46AA-8B9C-611D7B7490F1}.Debug|ARM64.Build.0 = Debug|Any CPU
		{0780FE8F-C04F-46AA-8B9C-611D7B7490F1}.Debug|x64.ActiveCfg = Debug|Any CPU
		{0780FE8F-C04F-46AA-8B9C-611D7B7490F1}.Debug|x64.Build.0 = Debug|Any CPU
		{0780FE8F-C04F-46AA-8B9C-611D7B7490F1}.Debug|x86.ActiveCfg = Debug|Any CPU
		{0780FE8F-C04F-46AA-8B9C-611D7B7490F1}.Debug|x86.Build.0 = Debug|Any CPU
		{0780FE8F-C04F-46AA-8B9C-611D7B7490F1}.Release|Any CPU.ActiveCfg = Release|Any CPU
		{0780FE8F-C04F-46AA-8B9C-611D7B7490F1}.Release|Any CPU.Build.0 = Release|Any CPU
		{0780FE8F-C04F-46AA-8B9C-611D7B7490F1}.Release|ARM.ActiveCfg = Release|Any CPU
		{0780FE8F-C04F-46AA-8B9C-611D7B7490F1}.Release|ARM.Build.0 = Release|Any CPU
		{0780FE8F-C04F-46AA-8B9C-611D7B7490F1}.Release|ARM64.ActiveCfg = Release|Any CPU
		{0780FE8F-C04F-46AA-8B9C-611D7B7490F1}.Release|ARM64.Build.0 = Release|Any CPU
		{0780FE8F-C04F-46AA-8B9C-611D7B7490F1}.Release|x64.ActiveCfg = Release|Any CPU
		{0780FE8F-C04F-46AA-8B9C-611D7B7490F1}.Release|x64.Build.0 = Release|Any CPU
		{0780FE8F-C04F-46AA-8B9C-611D7B7490F1}.Release|x86.ActiveCfg = Release|Any CPU
		{0780FE8F-C04F-46AA-8B9C-611D7B7490F1}.Release|x86.Build.0 = Release|Any CPU
		{A864151F-848A-437C-B473-CE70BD1DA80F}.Debug|Any CPU.ActiveCfg = Debug|Any CPU
		{A864151F-848A-437C-B473-CE70BD1DA80F}.Debug|Any CPU.Build.0 = Debug|Any CPU
		{A864151F-848A-437C-B473-CE70BD1DA80F}.Debug|ARM.ActiveCfg = Debug|Any CPU
		{A864151F-848A-437C-B473-CE70BD1DA80F}.Debug|ARM.Build.0 = Debug|Any CPU
		{A864151F-848A-437C-B473-CE70BD1DA80F}.Debug|ARM64.ActiveCfg = Debug|Any CPU
		{A864151F-848A-437C-B473-CE70BD1DA80F}.Debug|ARM64.Build.0 = Debug|Any CPU
		{A864151F-848A-437C-B473-CE70BD1DA80F}.Debug|x64.ActiveCfg = Debug|Any CPU
		{A864151F-848A-437C-B473-CE70BD1DA80F}.Debug|x64.Build.0 = Debug|Any CPU
		{A864151F-848A-437C-B473-CE70BD1DA80F}.Debug|x86.ActiveCfg = Debug|Any CPU
		{A864151F-848A-437C-B473-CE70BD1DA80F}.Debug|x86.Build.0 = Debug|Any CPU
		{A864151F-848A-437C-B473-CE70BD1DA80F}.Release|Any CPU.ActiveCfg = Release|Any CPU
		{A864151F-848A-437C-B473-CE70BD1DA80F}.Release|Any CPU.Build.0 = Release|Any CPU
		{A864151F-848A-437C-B473-CE70BD1DA80F}.Release|ARM.ActiveCfg = Release|Any CPU
		{A864151F-848A-437C-B473-CE70BD1DA80F}.Release|ARM.Build.0 = Release|Any CPU
		{A864151F-848A-437C-B473-CE70BD1DA80F}.Release|ARM64.ActiveCfg = Release|Any CPU
		{A864151F-848A-437C-B473-CE70BD1DA80F}.Release|ARM64.Build.0 = Release|Any CPU
		{A864151F-848A-437C-B473-CE70BD1DA80F}.Release|x64.ActiveCfg = Release|Any CPU
		{A864151F-848A-437C-B473-CE70BD1DA80F}.Release|x64.Build.0 = Release|Any CPU
		{A864151F-848A-437C-B473-CE70BD1DA80F}.Release|x86.ActiveCfg = Release|Any CPU
		{A864151F-848A-437C-B473-CE70BD1DA80F}.Release|x86.Build.0 = Release|Any CPU
		{3DCF0A59-353A-4677-9A5D-1839B060E8B6}.Debug|Any CPU.ActiveCfg = Debug|Any CPU
		{3DCF0A59-353A-4677-9A5D-1839B060E8B6}.Debug|Any CPU.Build.0 = Debug|Any CPU
		{3DCF0A59-353A-4677-9A5D-1839B060E8B6}.Debug|ARM.ActiveCfg = Debug|Any CPU
		{3DCF0A59-353A-4677-9A5D-1839B060E8B6}.Debug|ARM.Build.0 = Debug|Any CPU
		{3DCF0A59-353A-4677-9A5D-1839B060E8B6}.Debug|ARM64.ActiveCfg = Debug|Any CPU
		{3DCF0A59-353A-4677-9A5D-1839B060E8B6}.Debug|ARM64.Build.0 = Debug|Any CPU
		{3DCF0A59-353A-4677-9A5D-1839B060E8B6}.Debug|x64.ActiveCfg = Debug|Any CPU
		{3DCF0A59-353A-4677-9A5D-1839B060E8B6}.Debug|x64.Build.0 = Debug|Any CPU
		{3DCF0A59-353A-4677-9A5D-1839B060E8B6}.Debug|x86.ActiveCfg = Debug|Any CPU
		{3DCF0A59-353A-4677-9A5D-1839B060E8B6}.Debug|x86.Build.0 = Debug|Any CPU
		{3DCF0A59-353A-4677-9A5D-1839B060E8B6}.Release|Any CPU.ActiveCfg = Release|Any CPU
		{3DCF0A59-353A-4677-9A5D-1839B060E8B6}.Release|Any CPU.Build.0 = Release|Any CPU
		{3DCF0A59-353A-4677-9A5D-1839B060E8B6}.Release|ARM.ActiveCfg = Release|Any CPU
		{3DCF0A59-353A-4677-9A5D-1839B060E8B6}.Release|ARM.Build.0 = Release|Any CPU
		{3DCF0A59-353A-4677-9A5D-1839B060E8B6}.Release|ARM64.ActiveCfg = Release|Any CPU
		{3DCF0A59-353A-4677-9A5D-1839B060E8B6}.Release|ARM64.Build.0 = Release|Any CPU
		{3DCF0A59-353A-4677-9A5D-1839B060E8B6}.Release|x64.ActiveCfg = Release|Any CPU
		{3DCF0A59-353A-4677-9A5D-1839B060E8B6}.Release|x64.Build.0 = Release|Any CPU
		{3DCF0A59-353A-4677-9A5D-1839B060E8B6}.Release|x86.ActiveCfg = Release|Any CPU
		{3DCF0A59-353A-4677-9A5D-1839B060E8B6}.Release|x86.Build.0 = Release|Any CPU
		{A441268B-657B-4D55-9C86-13061BD36DA3}.Debug|Any CPU.ActiveCfg = Debug|x86
		{A441268B-657B-4D55-9C86-13061BD36DA3}.Debug|Any CPU.Build.0 = Debug|x86
		{A441268B-657B-4D55-9C86-13061BD36DA3}.Debug|Any CPU.Deploy.0 = Debug|x86
		{A441268B-657B-4D55-9C86-13061BD36DA3}.Debug|ARM.ActiveCfg = Debug|ARM
		{A441268B-657B-4D55-9C86-13061BD36DA3}.Debug|ARM.Build.0 = Debug|ARM
		{A441268B-657B-4D55-9C86-13061BD36DA3}.Debug|ARM.Deploy.0 = Debug|ARM
		{A441268B-657B-4D55-9C86-13061BD36DA3}.Debug|ARM64.ActiveCfg = Debug|ARM64
		{A441268B-657B-4D55-9C86-13061BD36DA3}.Debug|ARM64.Build.0 = Debug|ARM64
		{A441268B-657B-4D55-9C86-13061BD36DA3}.Debug|ARM64.Deploy.0 = Debug|ARM64
		{A441268B-657B-4D55-9C86-13061BD36DA3}.Debug|x64.ActiveCfg = Debug|x64
		{A441268B-657B-4D55-9C86-13061BD36DA3}.Debug|x64.Build.0 = Debug|x64
		{A441268B-657B-4D55-9C86-13061BD36DA3}.Debug|x64.Deploy.0 = Debug|x64
		{A441268B-657B-4D55-9C86-13061BD36DA3}.Debug|x86.ActiveCfg = Debug|x86
		{A441268B-657B-4D55-9C86-13061BD36DA3}.Debug|x86.Build.0 = Debug|x86
		{A441268B-657B-4D55-9C86-13061BD36DA3}.Debug|x86.Deploy.0 = Debug|x86
		{A441268B-657B-4D55-9C86-13061BD36DA3}.Release|Any CPU.ActiveCfg = Release|x86
		{A441268B-657B-4D55-9C86-13061BD36DA3}.Release|ARM.ActiveCfg = Release|ARM
		{A441268B-657B-4D55-9C86-13061BD36DA3}.Release|ARM.Build.0 = Release|ARM
		{A441268B-657B-4D55-9C86-13061BD36DA3}.Release|ARM.Deploy.0 = Release|ARM
		{A441268B-657B-4D55-9C86-13061BD36DA3}.Release|ARM64.ActiveCfg = Release|ARM64
		{A441268B-657B-4D55-9C86-13061BD36DA3}.Release|ARM64.Build.0 = Release|ARM64
		{A441268B-657B-4D55-9C86-13061BD36DA3}.Release|ARM64.Deploy.0 = Release|ARM64
		{A441268B-657B-4D55-9C86-13061BD36DA3}.Release|x64.ActiveCfg = Release|x64
		{A441268B-657B-4D55-9C86-13061BD36DA3}.Release|x64.Build.0 = Release|x64
		{A441268B-657B-4D55-9C86-13061BD36DA3}.Release|x64.Deploy.0 = Release|x64
		{A441268B-657B-4D55-9C86-13061BD36DA3}.Release|x86.ActiveCfg = Release|x86
		{A441268B-657B-4D55-9C86-13061BD36DA3}.Release|x86.Build.0 = Release|x86
		{A441268B-657B-4D55-9C86-13061BD36DA3}.Release|x86.Deploy.0 = Release|x86
		{EDF2521C-6AEB-460A-A030-11E2F28CA65E}.Debug|Any CPU.ActiveCfg = Debug|Any CPU
		{EDF2521C-6AEB-460A-A030-11E2F28CA65E}.Debug|Any CPU.Build.0 = Debug|Any CPU
		{EDF2521C-6AEB-460A-A030-11E2F28CA65E}.Debug|ARM.ActiveCfg = Debug|Any CPU
		{EDF2521C-6AEB-460A-A030-11E2F28CA65E}.Debug|ARM.Build.0 = Debug|Any CPU
		{EDF2521C-6AEB-460A-A030-11E2F28CA65E}.Debug|ARM64.ActiveCfg = Debug|Any CPU
		{EDF2521C-6AEB-460A-A030-11E2F28CA65E}.Debug|ARM64.Build.0 = Debug|Any CPU
		{EDF2521C-6AEB-460A-A030-11E2F28CA65E}.Debug|x64.ActiveCfg = Debug|Any CPU
		{EDF2521C-6AEB-460A-A030-11E2F28CA65E}.Debug|x64.Build.0 = Debug|Any CPU
		{EDF2521C-6AEB-460A-A030-11E2F28CA65E}.Debug|x86.ActiveCfg = Debug|Any CPU
		{EDF2521C-6AEB-460A-A030-11E2F28CA65E}.Debug|x86.Build.0 = Debug|Any CPU
		{EDF2521C-6AEB-460A-A030-11E2F28CA65E}.Release|Any CPU.ActiveCfg = Release|Any CPU
		{EDF2521C-6AEB-460A-A030-11E2F28CA65E}.Release|Any CPU.Build.0 = Release|Any CPU
		{EDF2521C-6AEB-460A-A030-11E2F28CA65E}.Release|ARM.ActiveCfg = Release|Any CPU
		{EDF2521C-6AEB-460A-A030-11E2F28CA65E}.Release|ARM.Build.0 = Release|Any CPU
		{EDF2521C-6AEB-460A-A030-11E2F28CA65E}.Release|ARM64.ActiveCfg = Release|Any CPU
		{EDF2521C-6AEB-460A-A030-11E2F28CA65E}.Release|ARM64.Build.0 = Release|Any CPU
		{EDF2521C-6AEB-460A-A030-11E2F28CA65E}.Release|x64.ActiveCfg = Release|Any CPU
		{EDF2521C-6AEB-460A-A030-11E2F28CA65E}.Release|x64.Build.0 = Release|Any CPU
		{EDF2521C-6AEB-460A-A030-11E2F28CA65E}.Release|x86.ActiveCfg = Release|Any CPU
		{EDF2521C-6AEB-460A-A030-11E2F28CA65E}.Release|x86.Build.0 = Release|Any CPU
		{36B65104-A901-4878-AAD1-97FAEEB7EBFB}.Debug|Any CPU.ActiveCfg = Debug|Any CPU
		{36B65104-A901-4878-AAD1-97FAEEB7EBFB}.Debug|Any CPU.Build.0 = Debug|Any CPU
		{36B65104-A901-4878-AAD1-97FAEEB7EBFB}.Debug|ARM.ActiveCfg = Debug|Any CPU
		{36B65104-A901-4878-AAD1-97FAEEB7EBFB}.Debug|ARM.Build.0 = Debug|Any CPU
		{36B65104-A901-4878-AAD1-97FAEEB7EBFB}.Debug|ARM64.ActiveCfg = Debug|Any CPU
		{36B65104-A901-4878-AAD1-97FAEEB7EBFB}.Debug|ARM64.Build.0 = Debug|Any CPU
		{36B65104-A901-4878-AAD1-97FAEEB7EBFB}.Debug|x64.ActiveCfg = Debug|Any CPU
		{36B65104-A901-4878-AAD1-97FAEEB7EBFB}.Debug|x64.Build.0 = Debug|Any CPU
		{36B65104-A901-4878-AAD1-97FAEEB7EBFB}.Debug|x86.ActiveCfg = Debug|Any CPU
		{36B65104-A901-4878-AAD1-97FAEEB7EBFB}.Debug|x86.Build.0 = Debug|Any CPU
		{36B65104-A901-4878-AAD1-97FAEEB7EBFB}.Release|Any CPU.ActiveCfg = Release|Any CPU
		{36B65104-A901-4878-AAD1-97FAEEB7EBFB}.Release|Any CPU.Build.0 = Release|Any CPU
		{36B65104-A901-4878-AAD1-97FAEEB7EBFB}.Release|ARM.ActiveCfg = Release|Any CPU
		{36B65104-A901-4878-AAD1-97FAEEB7EBFB}.Release|ARM.Build.0 = Release|Any CPU
		{36B65104-A901-4878-AAD1-97FAEEB7EBFB}.Release|ARM64.ActiveCfg = Release|Any CPU
		{36B65104-A901-4878-AAD1-97FAEEB7EBFB}.Release|ARM64.Build.0 = Release|Any CPU
		{36B65104-A901-4878-AAD1-97FAEEB7EBFB}.Release|x64.ActiveCfg = Release|Any CPU
		{36B65104-A901-4878-AAD1-97FAEEB7EBFB}.Release|x64.Build.0 = Release|Any CPU
		{36B65104-A901-4878-AAD1-97FAEEB7EBFB}.Release|x86.ActiveCfg = Release|Any CPU
		{36B65104-A901-4878-AAD1-97FAEEB7EBFB}.Release|x86.Build.0 = Release|Any CPU
	EndGlobalSection
	GlobalSection(SolutionProperties) = preSolution
		HideSolutionNode = FALSE
	EndGlobalSection
	GlobalSection(ExtensibilityGlobals) = postSolution
		SolutionGuid = {D47AB46E-913F-45CD-A708-E4190851A9E2}
	EndGlobalSection
EndGlobal
